
Microsoft Visual Studio Solution File, Format Version 12.00
# Visual Studio Version 17
VisualStudioVersion = 17.0.31903.59
MinimumVisualStudioVersion = 10.0.40219.1
Project("{9A19103F-16F7-4668-BE54-9A1E7A4F7556}") = "ExampleApplication", "ExampleApplication\ExampleApplication.csproj", "{9B89B287-C2CF-405D-AEFE-0A9644D56374}"
EndProject
Project("{FAE04EC0-301F-11D3-BF4B-00C04F79EFBC}") = "Duplica", "Duplica\Duplica.csproj", "{CDF35802-D8FD-4301-8507-FE364A23A97D}"
EndProject
Global
	GlobalSection(SolutionConfigurationPlatforms) = preSolution
		Debug|Any CPU = Debug|Any CPU
		Release|Any CPU = Release|Any CPU
	EndGlobalSection
	GlobalSection(ProjectConfigurationPlatforms) = postSolution
		{9B89B287-C2CF-405D-AEFE-0A9644D56374}.Debug|Any CPU.ActiveCfg = Debug|Any CPU
		{9B89B287-C2CF-405D-AEFE-0A9644D56374}.Debug|Any CPU.Build.0 = Debug|Any CPU
		{9B89B287-C2CF-405D-AEFE-0A9644D56374}.Release|Any CPU.ActiveCfg = Release|Any CPU
		{9B89B287-C2CF-405D-AEFE-0A9644D56374}.Release|Any CPU.Build.0 = Release|Any CPU
		{CDF35802-D8FD-4301-8507-FE364A23A97D}.Debug|Any CPU.ActiveCfg = Debug|Any CPU
		{CDF35802-D8FD-4301-8507-FE364A23A97D}.Debug|Any CPU.Build.0 = Debug|Any CPU
		{CDF35802-D8FD-4301-8507-FE364A23A97D}.Release|Any CPU.ActiveCfg = Release|Any CPU
		{CDF35802-D8FD-4301-8507-FE364A23A97D}.Release|Any CPU.Build.0 = Release|Any CPU
	EndGlobalSection
	GlobalSection(SolutionProperties) = preSolution
		HideSolutionNode = FALSE
	EndGlobalSection
	GlobalSection(ExtensibilityGlobals) = postSolution
		SolutionGuid = {67747C8E-D67D-4DBF-A5AE-623B919DB1A6}
	EndGlobalSection
EndGlobal
